
Microsoft Visual Studio Solution File, Format Version 12.00
# Visual Studio Version 16
VisualStudioVersion = 16.0.30320.27
MinimumVisualStudioVersion = 10.0.40219.1
Project("{FAE04EC0-301F-11D3-BF4B-00C04F79EFBC}") = "DetectTextAWS", "DetectTextAWS\DetectTextAWS.csproj", "{77CB8D5A-A543-4CD6-810E-552916EC1670}"
EndProject
Global
	GlobalSection(SolutionConfigurationPlatforms) = preSolution
		Debug|Any CPU = Debug|Any CPU
		Release|Any CPU = Release|Any CPU
	EndGlobalSection
	GlobalSection(ProjectConfigurationPlatforms) = postSolution
		{77CB8D5A-A543-4CD6-810E-552916EC1670}.Debug|Any CPU.ActiveCfg = Debug|Any CPU
		{77CB8D5A-A543-4CD6-810E-552916EC1670}.Debug|Any CPU.Build.0 = Debug|Any CPU
		{77CB8D5A-A543-4CD6-810E-552916EC1670}.Release|Any CPU.ActiveCfg = Release|Any CPU
		{77CB8D5A-A543-4CD6-810E-552916EC1670}.Release|Any CPU.Build.0 = Release|Any CPU
	EndGlobalSection
	GlobalSection(SolutionProperties) = preSolution
		HideSolutionNode = FALSE
	EndGlobalSection
	GlobalSection(ExtensibilityGlobals) = postSolution
		SolutionGuid = {08F89D69-AD3F-45BB-AF3E-00D2971146DE}
	EndGlobalSection
EndGlobal
